
Microsoft Visual Studio Solution File, Format Version 12.00
# Visual Studio Version 17
VisualStudioVersion = 17.14.36327.8 d17.14
MinimumVisualStudioVersion = 10.0.40219.1
Project("{FAE04EC0-301F-11D3-BF4B-00C04F79EFBC}") = "TID3", "TID3.csproj", "{332EC706-A384-42AD-95C5-7DD5CBED6364}"
EndProject
Project("{2150E333-8FDC-42A3-9474-1A3956D46DE8}") = "Projektmappenelemente", "Projektmappenelemente", "{84D27F74-D2BA-6C25-2661-968F101900D9}"
EndProject
Global
	GlobalSection(SolutionConfigurationPlatforms) = preSolution
		Debug|Any CPU = Debug|Any CPU
		Release|Any CPU = Release|Any CPU
	EndGlobalSection
	GlobalSection(ProjectConfigurationPlatforms) = postSolution
		{332EC706-A384-42AD-95C5-7DD5CBED6364}.Debug|Any CPU.ActiveCfg = Debug|Any CPU
		{332EC706-A384-42AD-95C5-7DD5CBED6364}.Debug|Any CPU.Build.0 = Debug|Any CPU
		{332EC706-A384-42AD-95C5-7DD5CBED6364}.Release|Any CPU.ActiveCfg = Release|Any CPU
		{332EC706-A384-42AD-95C5-7DD5CBED6364}.Release|Any CPU.Build.0 = Release|Any CPU
	EndGlobalSection
	GlobalSection(SolutionProperties) = preSolution
		HideSolutionNode = FALSE
	EndGlobalSection
	GlobalSection(ExtensibilityGlobals) = postSolution
		SolutionGuid = {3C6FD6EE-E3D4-4DE4-9624-EA3873E2E733}
	EndGlobalSection
EndGlobal
